
Microsoft Visual Studio Solution File, Format Version 12.00
# Visual Studio Version 16
VisualStudioVersion = 16.0.30114.105
MinimumVisualStudioVersion = 10.0.40219.1
Project("{FAE04EC0-301F-11D3-BF4B-00C04F79EFBC}") = "Art", "Art\Art.csproj", "{5E5E897D-213B-48AC-9D46-B0BF06F72E0D}"
EndProject
Project("{FAE04EC0-301F-11D3-BF4B-00C04F79EFBC}") = "Art.Html", "Art.Html\Art.Html.csproj", "{6502CA9A-36FC-4497-9913-018094BEFA10}"
EndProject
Project("{FAE04EC0-301F-11D3-BF4B-00C04F79EFBC}") = "Art.EF", "Art.EF\Art.EF.csproj", "{475B35D5-43FE-41CC-92F3-315D29A481F2}"
EndProject
Project("{FAE04EC0-301F-11D3-BF4B-00C04F79EFBC}") = "Art.EF.Sqlite", "Art.EF.Sqlite\Art.EF.Sqlite.csproj", "{C6019E3E-9E07-43AA-9945-844F922A0FE2}"
EndProject
Project("{FAE04EC0-301F-11D3-BF4B-00C04F79EFBC}") = "Art.Tests", "Art.Tests\Art.Tests.csproj", "{E6F46DCD-E097-4D9F-A190-BD41C9950521}"
EndProject
Project("{FAE04EC0-301F-11D3-BF4B-00C04F79EFBC}") = "Art.M3U", "Art.M3U\Art.M3U.csproj", "{880A1298-B192-4B03-B5A8-6C4C5BB90501}"
EndProject
Project("{FAE04EC0-301F-11D3-BF4B-00C04F79EFBC}") = "Art.EF.Sqlite.Tests", "Art.EF.Sqlite.Tests\Art.EF.Sqlite.Tests.csproj", "{141F4BFD-32C0-41DE-AD25-EF70AF18FC19}"
EndProject
Global
	GlobalSection(SolutionConfigurationPlatforms) = preSolution
		Debug|Any CPU = Debug|Any CPU
		Release|Any CPU = Release|Any CPU
	EndGlobalSection
	GlobalSection(SolutionProperties) = preSolution
		HideSolutionNode = FALSE
	EndGlobalSection
	GlobalSection(ProjectConfigurationPlatforms) = postSolution
		{5E5E897D-213B-48AC-9D46-B0BF06F72E0D}.Debug|Any CPU.ActiveCfg = Debug|Any CPU
		{5E5E897D-213B-48AC-9D46-B0BF06F72E0D}.Debug|Any CPU.Build.0 = Debug|Any CPU
		{5E5E897D-213B-48AC-9D46-B0BF06F72E0D}.Release|Any CPU.ActiveCfg = Release|Any CPU
		{5E5E897D-213B-48AC-9D46-B0BF06F72E0D}.Release|Any CPU.Build.0 = Release|Any CPU
		{6502CA9A-36FC-4497-9913-018094BEFA10}.Debug|Any CPU.ActiveCfg = Debug|Any CPU
		{6502CA9A-36FC-4497-9913-018094BEFA10}.Debug|Any CPU.Build.0 = Debug|Any CPU
		{6502CA9A-36FC-4497-9913-018094BEFA10}.Release|Any CPU.ActiveCfg = Release|Any CPU
		{6502CA9A-36FC-4497-9913-018094BEFA10}.Release|Any CPU.Build.0 = Release|Any CPU
		{475B35D5-43FE-41CC-92F3-315D29A481F2}.Debug|Any CPU.ActiveCfg = Debug|Any CPU
		{475B35D5-43FE-41CC-92F3-315D29A481F2}.Debug|Any CPU.Build.0 = Debug|Any CPU
		{475B35D5-43FE-41CC-92F3-315D29A481F2}.Release|Any CPU.ActiveCfg = Release|Any CPU
		{475B35D5-43FE-41CC-92F3-315D29A481F2}.Release|Any CPU.Build.0 = Release|Any CPU
		{C6019E3E-9E07-43AA-9945-844F922A0FE2}.Debug|Any CPU.ActiveCfg = Debug|Any CPU
		{C6019E3E-9E07-43AA-9945-844F922A0FE2}.Debug|Any CPU.Build.0 = Debug|Any CPU
		{C6019E3E-9E07-43AA-9945-844F922A0FE2}.Release|Any CPU.ActiveCfg = Release|Any CPU
		{C6019E3E-9E07-43AA-9945-844F922A0FE2}.Release|Any CPU.Build.0 = Release|Any CPU
		{E6F46DCD-E097-4D9F-A190-BD41C9950521}.Debug|Any CPU.ActiveCfg = Debug|Any CPU
		{E6F46DCD-E097-4D9F-A190-BD41C9950521}.Debug|Any CPU.Build.0 = Debug|Any CPU
		{E6F46DCD-E097-4D9F-A190-BD41C9950521}.Release|Any CPU.ActiveCfg = Release|Any CPU
		{E6F46DCD-E097-4D9F-A190-BD41C9950521}.Release|Any CPU.Build.0 = Release|Any CPU
		{880A1298-B192-4B03-B5A8-6C4C5BB90501}.Debug|Any CPU.ActiveCfg = Debug|Any CPU
		{880A1298-B192-4B03-B5A8-6C4C5BB90501}.Debug|Any CPU.Build.0 = Debug|Any CPU
		{880A1298-B192-4B03-B5A8-6C4C5BB90501}.Release|Any CPU.ActiveCfg = Release|Any CPU
		{880A1298-B192-4B03-B5A8-6C4C5BB90501}.Release|Any CPU.Build.0 = Release|Any CPU
		{141F4BFD-32C0-41DE-AD25-EF70AF18FC19}.Debug|Any CPU.ActiveCfg = Debug|Any CPU
		{141F4BFD-32C0-41DE-AD25-EF70AF18FC19}.Debug|Any CPU.Build.0 = Debug|Any CPU
		{141F4BFD-32C0-41DE-AD25-EF70AF18FC19}.Release|Any CPU.ActiveCfg = Release|Any CPU
		{141F4BFD-32C0-41DE-AD25-EF70AF18FC19}.Release|Any CPU.Build.0 = Release|Any CPU
	EndGlobalSection
EndGlobal
